<Solution>
  <Project Path="frontend/frontend.esproj">
    <Build />
    <Deploy />
  </Project>
  <Project Path="RestReactAspire.AppHost/RestReactAspire.AppHost.csproj" />
  <Project Path="RestReactAspire.Server.Tests/RestReactAspire.Server.Tests.csproj" Id="a0704da3-8fde-4f26-8b78-58267a66d2d4" />
  <Project Path="RestReactAspire.Server/RestReactAspire.Server.csproj" />
</Solution>
